
Microsoft Visual Studio Solution File, Format Version 12.00
# Visual Studio 15
VisualStudioVersion = 15.0.28307.705
MinimumVisualStudioVersion = 10.0.40219.1
Project("{9A19103F-16F7-4668-BE54-9A1E7A4F7556}") = "MircomUI", "MircomUI\MircomUI.csproj", "{F081C546-9933-44CD-B573-1AE31C3EF65F}"
EndProject
Global
	GlobalSection(SolutionConfigurationPlatforms) = preSolution
		Debug|Any CPU = Debug|Any CPU
		Release|Any CPU = Release|Any CPU
	EndGlobalSection
	GlobalSection(ProjectConfigurationPlatforms) = postSolution
		{F081C546-9933-44CD-B573-1AE31C3EF65F}.Debug|Any CPU.ActiveCfg = Debug|Any CPU
		{F081C546-9933-44CD-B573-1AE31C3EF65F}.Debug|Any CPU.Build.0 = Debug|Any CPU
		{F081C546-9933-44CD-B573-1AE31C3EF65F}.Release|Any CPU.ActiveCfg = Release|Any CPU
		{F081C546-9933-44CD-B573-1AE31C3EF65F}.Release|Any CPU.Build.0 = Release|Any CPU
	EndGlobalSection
	GlobalSection(SolutionProperties) = preSolution
		HideSolutionNode = FALSE
	EndGlobalSection
	GlobalSection(ExtensibilityGlobals) = postSolution
		SolutionGuid = {22BDBC20-DC02-4BED-A440-CC1E0A3D53EF}
	EndGlobalSection
	GlobalSection(TeamFoundationVersionControl) = preSolution
		SccNumberOfProjects = 2
		SccEnterpriseProvider = {4CA58AB2-18FA-4F8D-95D4-32DDF27D184C}
		SccTeamFoundationServer = http://nod-tfs15vm:8080/tfs/mircom
		SccLocalPath0 = .
		SccProjectUniqueName1 = MircomUI\\MircomUI.csproj
		SccProjectName1 = MircomUI
		SccLocalPath1 = MircomUI
	EndGlobalSection
EndGlobal
